
Microsoft Visual Studio Solution File, Format Version 12.00
# Visual Studio 2012
Project("{FAE04EC0-301F-11D3-BF4B-00C04F79EFBC}") = "Markie", "Markie\Markie.csproj", "{6C2831D8-264B-43EC-96DE-3FC5E03AA686}"
EndProject
Project("{2150E333-8FDC-42A3-9474-1A3956D46DE8}") = ".nuget", ".nuget", "{71C08F34-CCCD-4B73-9593-93165CBB1BAD}"
	ProjectSection(SolutionItems) = preProject
		.nuget\NuGet.Config = .nuget\NuGet.Config
		.nuget\NuGet.exe = .nuget\NuGet.exe
		.nuget\NuGet.targets = .nuget\NuGet.targets
	EndProjectSection
EndProject
Project("{FAE04EC0-301F-11D3-BF4B-00C04F79EFBC}") = "Markie.Tests", "Markie.Tests\Markie.Tests.csproj", "{1CC8F83E-3C48-4B32-BB6D-6DE07174CE0F}"
EndProject
Global
	GlobalSection(SolutionConfigurationPlatforms) = preSolution
		Debug|Any CPU = Debug|Any CPU
		Release|Any CPU = Release|Any CPU
	EndGlobalSection
	GlobalSection(ProjectConfigurationPlatforms) = postSolution
		{6C2831D8-264B-43EC-96DE-3FC5E03AA686}.Debug|Any CPU.ActiveCfg = Debug|Any CPU
		{6C2831D8-264B-43EC-96DE-3FC5E03AA686}.Debug|Any CPU.Build.0 = Debug|Any CPU
		{6C2831D8-264B-43EC-96DE-3FC5E03AA686}.Release|Any CPU.ActiveCfg = Release|Any CPU
		{6C2831D8-264B-43EC-96DE-3FC5E03AA686}.Release|Any CPU.Build.0 = Release|Any CPU
		{1CC8F83E-3C48-4B32-BB6D-6DE07174CE0F}.Debug|Any CPU.ActiveCfg = Debug|Any CPU
		{1CC8F83E-3C48-4B32-BB6D-6DE07174CE0F}.Debug|Any CPU.Build.0 = Debug|Any CPU
		{1CC8F83E-3C48-4B32-BB6D-6DE07174CE0F}.Release|Any CPU.ActiveCfg = Release|Any CPU
		{1CC8F83E-3C48-4B32-BB6D-6DE07174CE0F}.Release|Any CPU.Build.0 = Release|Any CPU
	EndGlobalSection
	GlobalSection(SolutionProperties) = preSolution
		HideSolutionNode = FALSE
	EndGlobalSection
EndGlobal
